{
  "name": "StudyZot",
  "lockfileVersion": 3,
  "requires": true,
  "packages": {
    "": {
      "dependencies": {
        "create-vite": "^4.4.1"
      }
    },
    "node_modules/create-vite": {
      "version": "4.4.1",
      "resolved": "https://registry.npmjs.org/create-vite/-/create-vite-4.4.1.tgz",
      "integrity": "sha512-VbE5lc4aO7gterlwTDPxfnEhp/e0xAJui7NydmQiLpKq2yBLTQGcfMXeZeyoIH+E/Di2MQpE4o0K3lZNjlFL+A==",
      "bin": {
        "create-vite": "index.js",
        "cva": "index.js"
      },
      "engines": {
        "node": "^14.18.0 || >=16.0.0"
      },
      "funding": {
        "url": "https://github.com/vitejs/vite?sponsor=1"
      }
    }
  }
}
